
Microsoft Visual Studio Solution File, Format Version 12.00
# Visual Studio 15
VisualStudioVersion = 15.0.28010.2036
MinimumVisualStudioVersion = 10.0.40219.1
Project("{FAE04EC0-301F-11D3-BF4B-00C04F79EFBC}") = "TestWork_Baltbet.Web", "TestWork_Baltbet.Web\TestWork_Baltbet.Web.csproj", "{99656478-8036-4C2E-AC06-ECD57B36475A}"
EndProject
Global
	GlobalSection(SolutionConfigurationPlatforms) = preSolution
		Debug|Any CPU = Debug|Any CPU
		Release|Any CPU = Release|Any CPU
	EndGlobalSection
	GlobalSection(ProjectConfigurationPlatforms) = postSolution
		{99656478-8036-4C2E-AC06-ECD57B36475A}.Debug|Any CPU.ActiveCfg = Debug|Any CPU
		{99656478-8036-4C2E-AC06-ECD57B36475A}.Debug|Any CPU.Build.0 = Debug|Any CPU
		{99656478-8036-4C2E-AC06-ECD57B36475A}.Release|Any CPU.ActiveCfg = Release|Any CPU
		{99656478-8036-4C2E-AC06-ECD57B36475A}.Release|Any CPU.Build.0 = Release|Any CPU
	EndGlobalSection
	GlobalSection(SolutionProperties) = preSolution
		HideSolutionNode = FALSE
	EndGlobalSection
	GlobalSection(ExtensibilityGlobals) = postSolution
		SolutionGuid = {BE384F3D-17E8-42F0-992E-C59C6277D545}
	EndGlobalSection
EndGlobal
